
Microsoft Visual Studio Solution File, Format Version 12.00
# Visual Studio 15
VisualStudioVersion = 15.0.26124.0
MinimumVisualStudioVersion = 15.0.26124.0
Project("{2150E333-8FDC-42A3-9474-1A3956D46DE8}") = "src", "src", "{348B2E39-4043-4CA7-9299-FF27A9F534A9}"
EndProject
Project("{FAE04EC0-301F-11D3-BF4B-00C04F79EFBC}") = "SimpleAPI", "src\SimpleAPI\SimpleAPI.csproj", "{6EB52030-C04B-436B-AAC4-801CE7B9D5AF}"
EndProject
Project("{2150E333-8FDC-42A3-9474-1A3956D46DE8}") = "test", "test", "{F7E9016A-B4C1-4D80-B9A2-0E6577A919A6}"
EndProject
Project("{FAE04EC0-301F-11D3-BF4B-00C04F79EFBC}") = "SimpleAPI.test", "test\SimpleAPI.test\SimpleAPI.test.csproj", "{E8CE0FFF-08C7-433C-9333-550E2C59B71F}"
EndProject
Global
	GlobalSection(SolutionConfigurationPlatforms) = preSolution
		Debug|Any CPU = Debug|Any CPU
		Debug|x64 = Debug|x64
		Debug|x86 = Debug|x86
		Release|Any CPU = Release|Any CPU
		Release|x64 = Release|x64
		Release|x86 = Release|x86
	EndGlobalSection
	GlobalSection(SolutionProperties) = preSolution
		HideSolutionNode = FALSE
	EndGlobalSection
	GlobalSection(ProjectConfigurationPlatforms) = postSolution
		{6EB52030-C04B-436B-AAC4-801CE7B9D5AF}.Debug|Any CPU.ActiveCfg = Debug|Any CPU
		{6EB52030-C04B-436B-AAC4-801CE7B9D5AF}.Debug|Any CPU.Build.0 = Debug|Any CPU
		{6EB52030-C04B-436B-AAC4-801CE7B9D5AF}.Debug|x64.ActiveCfg = Debug|Any CPU
		{6EB52030-C04B-436B-AAC4-801CE7B9D5AF}.Debug|x64.Build.0 = Debug|Any CPU
		{6EB52030-C04B-436B-AAC4-801CE7B9D5AF}.Debug|x86.ActiveCfg = Debug|Any CPU
		{6EB52030-C04B-436B-AAC4-801CE7B9D5AF}.Debug|x86.Build.0 = Debug|Any CPU
		{6EB52030-C04B-436B-AAC4-801CE7B9D5AF}.Release|Any CPU.ActiveCfg = Release|Any CPU
		{6EB52030-C04B-436B-AAC4-801CE7B9D5AF}.Release|Any CPU.Build.0 = Release|Any CPU
		{6EB52030-C04B-436B-AAC4-801CE7B9D5AF}.Release|x64.ActiveCfg = Release|Any CPU
		{6EB52030-C04B-436B-AAC4-801CE7B9D5AF}.Release|x64.Build.0 = Release|Any CPU
		{6EB52030-C04B-436B-AAC4-801CE7B9D5AF}.Release|x86.ActiveCfg = Release|Any CPU
		{6EB52030-C04B-436B-AAC4-801CE7B9D5AF}.Release|x86.Build.0 = Release|Any CPU
		{E8CE0FFF-08C7-433C-9333-550E2C59B71F}.Debug|Any CPU.ActiveCfg = Debug|Any CPU
		{E8CE0FFF-08C7-433C-9333-550E2C59B71F}.Debug|Any CPU.Build.0 = Debug|Any CPU
		{E8CE0FFF-08C7-433C-9333-550E2C59B71F}.Debug|x64.ActiveCfg = Debug|Any CPU
		{E8CE0FFF-08C7-433C-9333-550E2C59B71F}.Debug|x64.Build.0 = Debug|Any CPU
		{E8CE0FFF-08C7-433C-9333-550E2C59B71F}.Debug|x86.ActiveCfg = Debug|Any CPU
		{E8CE0FFF-08C7-433C-9333-550E2C59B71F}.Debug|x86.Build.0 = Debug|Any CPU
		{E8CE0FFF-08C7-433C-9333-550E2C59B71F}.Release|Any CPU.ActiveCfg = Release|Any CPU
		{E8CE0FFF-08C7-433C-9333-550E2C59B71F}.Release|Any CPU.Build.0 = Release|Any CPU
		{E8CE0FFF-08C7-433C-9333-550E2C59B71F}.Release|x64.ActiveCfg = Release|Any CPU
		{E8CE0FFF-08C7-433C-9333-550E2C59B71F}.Release|x64.Build.0 = Release|Any CPU
		{E8CE0FFF-08C7-433C-9333-550E2C59B71F}.Release|x86.ActiveCfg = Release|Any CPU
		{E8CE0FFF-08C7-433C-9333-550E2C59B71F}.Release|x86.Build.0 = Release|Any CPU
	EndGlobalSection
	GlobalSection(NestedProjects) = preSolution
		{6EB52030-C04B-436B-AAC4-801CE7B9D5AF} = {348B2E39-4043-4CA7-9299-FF27A9F534A9}
		{E8CE0FFF-08C7-433C-9333-550E2C59B71F} = {F7E9016A-B4C1-4D80-B9A2-0E6577A919A6}
	EndGlobalSection
EndGlobal
